PODS:
  - appmetrica_plugin (3.1.0):
    - AppMetricaAnalytics (~> 5.8)
    - Flutter
  - AppMetricaAdSupport (5.8.2):
    - AppMetricaCore (= 5.8.2)
    - AppMetricaCoreExtension (= 5.8.2)
  - AppMetricaAnalytics (5.8.2):
    - AppMetricaAdSupport (= 5.8.2)
    - AppMetricaCore (= 5.8.2)
    - AppMetricaCrashes (= 5.8.2)
    - AppMetricaWebKit (= 5.8.2)
  - AppMetricaCore (5.8.2):
    - AppMetricaCoreUtils (= 5.8.2)
    - AppMetricaEncodingUtils (= 5.8.2)
    - AppMetricaFMDB (= 5.8.2)
    - AppMetricaHostState (= 5.8.2)
    - AppMetricaLog (= 5.8.2)
    - AppMetricaNetwork (= 5.8.2)
    - AppMetricaPlatform (= 5.8.2)
    - AppMetricaProtobuf (= 5.8.2)
    - AppMetricaProtobufUtils (= 5.8.2)
    - AppMetricaStorageUtils (= 5.8.2)
  - AppMetricaCoreExtension (5.8.2):
    - AppMetricaCore (= 5.8.2)
    - AppMetricaStorageUtils (= 5.8.2)
  - AppMetricaCoreUtils (5.8.2):
    - AppMetricaLog (= 5.8.2)
  - AppMetricaCrashes (5.8.2):
    - AppMetricaCore (= 5.8.2)
    - AppMetricaCoreExtension (= 5.8.2)
    - AppMetricaCoreUtils (= 5.8.2)
    - AppMetricaEncodingUtils (= 5.8.2)
    - AppMetricaHostState (= 5.8.2)
    - AppMetricaLog (= 5.8.2)
    - AppMetricaPlatform (= 5.8.2)
    - AppMetricaProtobufUtils (= 5.8.2)
    - AppMetricaStorageUtils (= 5.8.2)
    - KSCrash/Recording (< 2.1.0, >= 2.0.0-rc.1)
  - AppMetricaEncodingUtils (5.8.2):
    - AppMetricaCoreUtils (= 5.8.2)
    - AppMetricaLog (= 5.8.2)
    - AppMetricaPlatform (= 5.8.2)
  - AppMetricaFMDB (5.8.2)
  - AppMetricaHostState (5.8.2):
    - AppMetricaCoreUtils (= 5.8.2)
    - AppMetricaLog (= 5.8.2)
  - AppMetricaLog (5.8.2)
  - AppMetricaNetwork (5.8.2):
    - AppMetricaCoreUtils (= 5.8.2)
    - AppMetricaLog (= 5.8.2)
    - AppMetricaPlatform (= 5.8.2)
  - AppMetricaPlatform (5.8.2):
    - AppMetricaCoreUtils (= 5.8.2)
    - AppMetricaLog (= 5.8.2)
  - AppMetricaProtobuf (5.8.2)
  - AppMetricaProtobufUtils (5.8.2):
    - AppMetricaProtobuf (= 5.8.2)
  - AppMetricaStorageUtils (5.8.2):
    - AppMetricaCoreUtils (= 5.8.2)
    - AppMetricaLog (= 5.8.2)
  - AppMetricaWebKit (5.8.2):
    - AppMetricaCore (= 5.8.2)
    - AppMetricaCoreUtils (= 5.8.2)
    - AppMetricaLog (= 5.8.2)
  - Firebase/CoreOnly (11.4.0):
    - FirebaseCore (= 11.4.0)
  - Firebase/Messaging (11.4.0):
    - Firebase/CoreOnly
    - FirebaseMessaging (~> 11.4.0)
  - firebase_core (3.8.0):
    - Firebase/CoreOnly (= 11.4.0)
    - Flutter
  - firebase_messaging (15.1.5):
    - Firebase/Messaging (= 11.4.0)
    - firebase_core
    - Flutter
  - FirebaseCore (11.4.0):
    - FirebaseCoreInternal (~> 11.0)
    - GoogleUtilities/Environment (~> 8.0)
    - GoogleUtilities/Logger (~> 8.0)
  - FirebaseCoreInternal (11.4.2):
    - "GoogleUtilities/NSData+zlib (~> 8.0)"
  - FirebaseInstallations (11.4.0):
    - FirebaseCore (~> 11.0)
    - GoogleUtilities/Environment (~> 8.0)
    - GoogleUtilities/UserDefaults (~> 8.0)
    - PromisesObjC (~> 2.4)
  - FirebaseMessaging (11.4.0):
    - FirebaseCore (~> 11.0)
    - FirebaseInstallations (~> 11.0)
    - GoogleDataTransport (~> 10.0)
    - GoogleUtilities/AppDelegateSwizzler (~> 8.0)
    - GoogleUtilities/Environment (~> 8.0)
    - GoogleUtilities/Reachability (~> 8.0)
    - GoogleUtilities/UserDefaults (~> 8.0)
    - nanopb (~> 3.30910.0)
  - Flutter (1.0.0)
  - flutter_secure_storage (6.0.0):
    - Flutter
  - GoogleDataTransport (10.1.0):
    - nanopb (~> 3.30910.0)
    - PromisesObjC (~> 2.4)
  - GoogleUtilities/AppDelegateSwizzler (8.0.2):
    - GoogleUtilities/Environment
    - GoogleUtilities/Logger
    - GoogleUtilities/Network
    - GoogleUtilities/Privacy
  - GoogleUtilities/Environment (8.0.2):
    - GoogleUtilities/Privacy
  - GoogleUtilities/Logger (8.0.2):
    - GoogleUtilities/Environment
    - GoogleUtilities/Privacy
  - GoogleUtilities/Network (8.0.2):
    - GoogleUtilities/Logger
    - "GoogleUtilities/NSData+zlib"
    - GoogleUtilities/Privacy
    - GoogleUtilities/Reachability
  - "GoogleUtilities/NSData+zlib (8.0.2)":
    - GoogleUtilities/Privacy
  - GoogleUtilities/Privacy (8.0.2)
  - GoogleUtilities/Reachability (8.0.2):
    - GoogleUtilities/Logger
    - GoogleUtilities/Privacy
  - GoogleUtilities/UserDefaults (8.0.2):
    - GoogleUtilities/Logger
    - GoogleUtilities/Privacy
  - KSCrash/Core (2.0.0-rc.8)
  - KSCrash/Recording (2.0.0-rc.8):
    - KSCrash/RecordingCore
  - KSCrash/RecordingCore (2.0.0-rc.8):
    - KSCrash/Core
  - nanopb (3.30910.0):
    - nanopb/decode (= 3.30910.0)
    - nanopb/encode (= 3.30910.0)
  - nanopb/decode (3.30910.0)
  - nanopb/encode (3.30910.0)
  - path_provider_foundation (0.0.1):
    - Flutter
    - FlutterMacOS
  - PromisesObjC (2.4.0)
  - share_plus (0.0.1):
    - Flutter
  - sqflite_darwin (0.0.4):
    - Flutter
    - FlutterMacOS
  - video_player_avfoundation (0.0.1):
    - Flutter
    - FlutterMacOS

DEPENDENCIES:
  - appmetrica_plugin (from `.symlinks/plugins/appmetrica_plugin/ios`)
  - firebase_core (from `.symlinks/plugins/firebase_core/ios`)
  - firebase_messaging (from `.symlinks/plugins/firebase_messaging/ios`)
  - Flutter (from `Flutter`)
  - flutter_secure_storage (from `.symlinks/plugins/flutter_secure_storage/ios`)
  - path_provider_foundation (from `.symlinks/plugins/path_provider_foundation/darwin`)
  - share_plus (from `.symlinks/plugins/share_plus/ios`)
  - sqflite_darwin (from `.symlinks/plugins/sqflite_darwin/darwin`)
  - video_player_avfoundation (from `.symlinks/plugins/video_player_avfoundation/darwin`)

SPEC REPOS:
  trunk:
    - AppMetricaAdSupport
    - AppMetricaAnalytics
    - AppMetricaCore
    - AppMetricaCoreExtension
    - AppMetricaCoreUtils
    - AppMetricaCrashes
    - AppMetricaEncodingUtils
    - AppMetricaFMDB
    - AppMetricaHostState
    - AppMetricaLog
    - AppMetricaNetwork
    - AppMetricaPlatform
    - AppMetricaProtobuf
    - AppMetricaProtobufUtils
    - AppMetricaStorageUtils
    - AppMetricaWebKit
    - Firebase
    - FirebaseCore
    - FirebaseCoreInternal
    - FirebaseInstallations
    - FirebaseMessaging
    - GoogleDataTransport
    - GoogleUtilities
    - KSCrash
    - nanopb
    - PromisesObjC

EXTERNAL SOURCES:
  appmetrica_plugin:
    :path: ".symlinks/plugins/appmetrica_plugin/ios"
  firebase_core:
    :path: ".symlinks/plugins/firebase_core/ios"
  firebase_messaging:
    :path: ".symlinks/plugins/firebase_messaging/ios"
  Flutter:
    :path: Flutter
  flutter_secure_storage:
    :path: ".symlinks/plugins/flutter_secure_storage/ios"
  path_provider_foundation:
    :path: ".symlinks/plugins/path_provider_foundation/darwin"
  share_plus:
    :path: ".symlinks/plugins/share_plus/ios"
  sqflite_darwin:
    :path: ".symlinks/plugins/sqflite_darwin/darwin"
  video_player_avfoundation:
    :path: ".symlinks/plugins/video_player_avfoundation/darwin"

SPEC CHECKSUMS:
  appmetrica_plugin: 22d4d1eb9d070509fce428774b7f0d0686564010
  AppMetricaAdSupport: 6fd6e54fc9d330f152e97c38cd92775071e353b8
  AppMetricaAnalytics: 93374c9f748f85f4d62f2ed2714eeb058eee1d33
  AppMetricaCore: bf95c826ec74260b8c81cca9fc21efb8aea52a70
  AppMetricaCoreExtension: 9cf386437072bb2bb578eb0b7654b3e3f53f3abf
  AppMetricaCoreUtils: e272b7ae0d4da73e178cc9d7cf391ce67c713d61
  AppMetricaCrashes: 2a47cc39a691f9751c2a73e20ce5e06f5a9cdc64
  AppMetricaEncodingUtils: ee11733ecad85bf10d513920ef091bbc0ae5f2c7
  AppMetricaFMDB: 44ffa4aa173513c04af2a1fbf6dfc180f266872a
  AppMetricaHostState: c6a10727120cdd4d7eaaabf57f9e562ec9cd6b0f
  AppMetricaLog: 49eb3d5ef7d4288a388cc34eaa53cbcd42241b8a
  AppMetricaNetwork: f29d5bedc1abb6dff4be1f89422e5403dcda7dee
  AppMetricaPlatform: f3423676add2e9a61b6b67f2692f385b62bf87a8
  AppMetricaProtobuf: d895f7478c9e90ac3a50bd2f2ae8bd022205dbd1
  AppMetricaProtobufUtils: 2e4134f486620a27306940347265c824784c906c
  AppMetricaStorageUtils: d4b1470acba258fe9a07d9860defdeb93096b89b
  AppMetricaWebKit: 900bc1bdc8c35d0605a3dfe9ba8b8b69a77f73b8
  Firebase: cf1b19f21410b029b6786a54e9764a0cacad3c99
  firebase_core: 9efc3ecf689cdbc90f13f4dc58108c83ea46b266
  firebase_messaging: 6bf60adb4b33a848d135e16bc363fb4924f98fba
  FirebaseCore: e0510f1523bc0eb21653cac00792e1e2bd6f1771
  FirebaseCoreInternal: 35731192cab10797b88411be84940d2beb33a238
  FirebaseInstallations: 6ef4a1c7eb2a61ee1f74727d7f6ce2e72acf1414
  FirebaseMessaging: f8a160d99c2c2e5babbbcc90c4a3e15db036aee2
  Flutter: e0871f40cf51350855a761d2e70bf5af5b9b5de7
  flutter_secure_storage: d33dac7ae2ea08509be337e775f6b59f1ff45f12
  GoogleDataTransport: aae35b7ea0c09004c3797d53c8c41f66f219d6a7
  GoogleUtilities: 26a3abef001b6533cf678d3eb38fd3f614b7872d
  KSCrash: 946472c56073afdaf6bae37d886e3f562027075c
  nanopb: fad817b59e0457d11a5dfbde799381cd727c1275
  path_provider_foundation: 2b6b4c569c0fb62ec74538f866245ac84301af46
  PromisesObjC: f5707f49cb48b9636751c5b2e7d227e43fba9f47
  share_plus: 8b6f8b3447e494cca5317c8c3073de39b3600d1f
  sqflite_darwin: 5a7236e3b501866c1c9befc6771dfd73ffb8702d
  video_player_avfoundation: 7c6c11d8470e1675df7397027218274b6d2360b3

PODFILE CHECKSUM: a57f30d18f102dd3ce366b1d62a55ecbef2158e5

COCOAPODS: 1.15.2
